
Microsoft Visual Studio Solution File, Format Version 11.00
# Visual C# Express 2010
Project("{FAE04EC0-301F-11D3-BF4B-00C04F79EFBC}") = "ReverserTests", "ReverserTests.csproj", "{F3B3AFDB-CF30-4D8C-82AA-DE76F0033FF8}"
EndProject
Project("{FAE04EC0-301F-11D3-BF4B-00C04F79EFBC}") = "ReverserConsole", "..\ReverserConsole\ReverserConsole.csproj", "{CEF3BA97-EA3D-4EC6-8847-E0C4F9FDA6AF}"
EndProject
Project("{FAE04EC0-301F-11D3-BF4B-00C04F79EFBC}") = "MoodReverser", "..\..\MoodReverser\MoodReverser.csproj", "{F9AF9CAA-E8C0-410C-A98A-E4FC442EE58C}"
EndProject
Global
	GlobalSection(SolutionConfigurationPlatforms) = preSolution
		Debug|Any CPU = Debug|Any CPU
		Debug|Mixed Platforms = Debug|Mixed Platforms
		Debug|x86 = Debug|x86
		Release|Any CPU = Release|Any CPU
		Release|Mixed Platforms = Release|Mixed Platforms
		Release|x86 = Release|x86
	EndGlobalSection
	GlobalSection(ProjectConfigurationPlatforms) = postSolution
		{F3B3AFDB-CF30-4D8C-82AA-DE76F0033FF8}.Debug|Any CPU.ActiveCfg = Debug|Any CPU
		{F3B3AFDB-CF30-4D8C-82AA-DE76F0033FF8}.Debug|Any CPU.Build.0 = Debug|Any CPU
		{F3B3AFDB-CF30-4D8C-82AA-DE76F0033FF8}.Debug|Mixed Platforms.ActiveCfg = Debug|Any CPU
		{F3B3AFDB-CF30-4D8C-82AA-DE76F0033FF8}.Debug|Mixed Platforms.Build.0 = Debug|Any CPU
		{F3B3AFDB-CF30-4D8C-82AA-DE76F0033FF8}.Debug|x86.ActiveCfg = Debug|Any CPU
		{F3B3AFDB-CF30-4D8C-82AA-DE76F0033FF8}.Release|Any CPU.ActiveCfg = Release|Any CPU
		{F3B3AFDB-CF30-4D8C-82AA-DE76F0033FF8}.Release|Any CPU.Build.0 = Release|Any CPU
		{F3B3AFDB-CF30-4D8C-82AA-DE76F0033FF8}.Release|Mixed Platforms.ActiveCfg = Release|Any CPU
		{F3B3AFDB-CF30-4D8C-82AA-DE76F0033FF8}.Release|Mixed Platforms.Build.0 = Release|Any CPU
		{F3B3AFDB-CF30-4D8C-82AA-DE76F0033FF8}.Release|x86.ActiveCfg = Release|Any CPU
		{CEF3BA97-EA3D-4EC6-8847-E0C4F9FDA6AF}.Debug|Any CPU.ActiveCfg = Debug|x86
		{CEF3BA97-EA3D-4EC6-8847-E0C4F9FDA6AF}.Debug|Mixed Platforms.ActiveCfg = Debug|x86
		{CEF3BA97-EA3D-4EC6-8847-E0C4F9FDA6AF}.Debug|Mixed Platforms.Build.0 = Debug|x86
		{CEF3BA97-EA3D-4EC6-8847-E0C4F9FDA6AF}.Debug|x86.ActiveCfg = Debug|x86
		{CEF3BA97-EA3D-4EC6-8847-E0C4F9FDA6AF}.Debug|x86.Build.0 = Debug|x86
		{CEF3BA97-EA3D-4EC6-8847-E0C4F9FDA6AF}.Release|Any CPU.ActiveCfg = Release|x86
		{CEF3BA97-EA3D-4EC6-8847-E0C4F9FDA6AF}.Release|Mixed Platforms.ActiveCfg = Release|x86
		{CEF3BA97-EA3D-4EC6-8847-E0C4F9FDA6AF}.Release|Mixed Platforms.Build.0 = Release|x86
		{CEF3BA97-EA3D-4EC6-8847-E0C4F9FDA6AF}.Release|x86.ActiveCfg = Release|x86
		{CEF3BA97-EA3D-4EC6-8847-E0C4F9FDA6AF}.Release|x86.Build.0 = Release|x86
		{F9AF9CAA-E8C0-410C-A98A-E4FC442EE58C}.Debug|Any CPU.ActiveCfg = Debug|Any CPU
		{F9AF9CAA-E8C0-410C-A98A-E4FC442EE58C}.Debug|Any CPU.Build.0 = Debug|Any CPU
		{F9AF9CAA-E8C0-410C-A98A-E4FC442EE58C}.Debug|Mixed Platforms.ActiveCfg = Debug|Any CPU
		{F9AF9CAA-E8C0-410C-A98A-E4FC442EE58C}.Debug|Mixed Platforms.Build.0 = Debug|Any CPU
		{F9AF9CAA-E8C0-410C-A98A-E4FC442EE58C}.Debug|x86.ActiveCfg = Debug|Any CPU
		{F9AF9CAA-E8C0-410C-A98A-E4FC442EE58C}.Release|Any CPU.ActiveCfg = Release|Any CPU
		{F9AF9CAA-E8C0-410C-A98A-E4FC442EE58C}.Release|Any CPU.Build.0 = Release|Any CPU
		{F9AF9CAA-E8C0-410C-A98A-E4FC442EE58C}.Release|Mixed Platforms.ActiveCfg = Release|Any CPU
		{F9AF9CAA-E8C0-410C-A98A-E4FC442EE58C}.Release|Mixed Platforms.Build.0 = Release|Any CPU
		{F9AF9CAA-E8C0-410C-A98A-E4FC442EE58C}.Release|x86.ActiveCfg = Release|Any CPU
	EndGlobalSection
	GlobalSection(SolutionProperties) = preSolution
		HideSolutionNode = FALSE
	EndGlobalSection
EndGlobal
