
Microsoft Visual Studio Solution File, Format Version 11.00
# Visual C# Express 2010
Project("{FAE04EC0-301F-11D3-BF4B-00C04F79EFBC}") = "ReverserTests", "ReverserTests\ReverserTests.csproj", "{304EED0C-A5F7-4E87-8093-A4644273AB41}"
EndProject
Project("{FAE04EC0-301F-11D3-BF4B-00C04F79EFBC}") = "ReverserConsole", "ReverserConsole\ReverserConsole.csproj", "{73EEA96E-2491-4B67-999B-0D24EC6DC100}"
EndProject
Project("{FAE04EC0-301F-11D3-BF4B-00C04F79EFBC}") = "FileManager", "FileManager\FileManager.csproj", "{C72C5E0E-0762-4304-A905-0A196BCE0220}"
EndProject
Project("{FAE04EC0-301F-11D3-BF4B-00C04F79EFBC}") = "FileReverser", "FileReverser\FileReverser.csproj", "{631FB593-EBE9-4C4A-958B-0EA68496F9B8}"
EndProject
Project("{FAE04EC0-301F-11D3-BF4B-00C04F79EFBC}") = "Reverser", "Reverser\Reverser.csproj", "{6AE264CE-310F-475C-BE7F-9D43E1CFA9F7}"
EndProject
Global
	GlobalSection(SolutionConfigurationPlatforms) = preSolution
		Debug|Any CPU = Debug|Any CPU
		Debug|Mixed Platforms = Debug|Mixed Platforms
		Debug|x86 = Debug|x86
		Release|Any CPU = Release|Any CPU
		Release|Mixed Platforms = Release|Mixed Platforms
		Release|x86 = Release|x86
	EndGlobalSection
	GlobalSection(ProjectConfigurationPlatforms) = postSolution
		{304EED0C-A5F7-4E87-8093-A4644273AB41}.Debug|Any CPU.ActiveCfg = Debug|Any CPU
		{304EED0C-A5F7-4E87-8093-A4644273AB41}.Debug|Any CPU.Build.0 = Debug|Any CPU
		{304EED0C-A5F7-4E87-8093-A4644273AB41}.Debug|Mixed Platforms.ActiveCfg = Debug|Any CPU
		{304EED0C-A5F7-4E87-8093-A4644273AB41}.Debug|Mixed Platforms.Build.0 = Debug|Any CPU
		{304EED0C-A5F7-4E87-8093-A4644273AB41}.Debug|x86.ActiveCfg = Debug|Any CPU
		{304EED0C-A5F7-4E87-8093-A4644273AB41}.Release|Any CPU.ActiveCfg = Release|Any CPU
		{304EED0C-A5F7-4E87-8093-A4644273AB41}.Release|Any CPU.Build.0 = Release|Any CPU
		{304EED0C-A5F7-4E87-8093-A4644273AB41}.Release|Mixed Platforms.ActiveCfg = Release|Any CPU
		{304EED0C-A5F7-4E87-8093-A4644273AB41}.Release|Mixed Platforms.Build.0 = Release|Any CPU
		{304EED0C-A5F7-4E87-8093-A4644273AB41}.Release|x86.ActiveCfg = Release|Any CPU
		{73EEA96E-2491-4B67-999B-0D24EC6DC100}.Debug|Any CPU.ActiveCfg = Debug|x86
		{73EEA96E-2491-4B67-999B-0D24EC6DC100}.Debug|Mixed Platforms.ActiveCfg = Debug|x86
		{73EEA96E-2491-4B67-999B-0D24EC6DC100}.Debug|Mixed Platforms.Build.0 = Debug|x86
		{73EEA96E-2491-4B67-999B-0D24EC6DC100}.Debug|x86.ActiveCfg = Debug|x86
		{73EEA96E-2491-4B67-999B-0D24EC6DC100}.Debug|x86.Build.0 = Debug|x86
		{73EEA96E-2491-4B67-999B-0D24EC6DC100}.Release|Any CPU.ActiveCfg = Release|x86
		{73EEA96E-2491-4B67-999B-0D24EC6DC100}.Release|Mixed Platforms.ActiveCfg = Release|x86
		{73EEA96E-2491-4B67-999B-0D24EC6DC100}.Release|Mixed Platforms.Build.0 = Release|x86
		{73EEA96E-2491-4B67-999B-0D24EC6DC100}.Release|x86.ActiveCfg = Release|x86
		{73EEA96E-2491-4B67-999B-0D24EC6DC100}.Release|x86.Build.0 = Release|x86
		{C72C5E0E-0762-4304-A905-0A196BCE0220}.Debug|Any CPU.ActiveCfg = Debug|Any CPU
		{C72C5E0E-0762-4304-A905-0A196BCE0220}.Debug|Any CPU.Build.0 = Debug|Any CPU
		{C72C5E0E-0762-4304-A905-0A196BCE0220}.Debug|Mixed Platforms.ActiveCfg = Debug|Any CPU
		{C72C5E0E-0762-4304-A905-0A196BCE0220}.Debug|Mixed Platforms.Build.0 = Debug|Any CPU
		{C72C5E0E-0762-4304-A905-0A196BCE0220}.Debug|x86.ActiveCfg = Debug|Any CPU
		{C72C5E0E-0762-4304-A905-0A196BCE0220}.Release|Any CPU.ActiveCfg = Release|Any CPU
		{C72C5E0E-0762-4304-A905-0A196BCE0220}.Release|Any CPU.Build.0 = Release|Any CPU
		{C72C5E0E-0762-4304-A905-0A196BCE0220}.Release|Mixed Platforms.ActiveCfg = Release|Any CPU
		{C72C5E0E-0762-4304-A905-0A196BCE0220}.Release|Mixed Platforms.Build.0 = Release|Any CPU
		{C72C5E0E-0762-4304-A905-0A196BCE0220}.Release|x86.ActiveCfg = Release|Any CPU
		{631FB593-EBE9-4C4A-958B-0EA68496F9B8}.Debug|Any CPU.ActiveCfg = Debug|Any CPU
		{631FB593-EBE9-4C4A-958B-0EA68496F9B8}.Debug|Any CPU.Build.0 = Debug|Any CPU
		{631FB593-EBE9-4C4A-958B-0EA68496F9B8}.Debug|Mixed Platforms.ActiveCfg = Debug|Any CPU
		{631FB593-EBE9-4C4A-958B-0EA68496F9B8}.Debug|Mixed Platforms.Build.0 = Debug|Any CPU
		{631FB593-EBE9-4C4A-958B-0EA68496F9B8}.Debug|x86.ActiveCfg = Debug|Any CPU
		{631FB593-EBE9-4C4A-958B-0EA68496F9B8}.Release|Any CPU.ActiveCfg = Release|Any CPU
		{631FB593-EBE9-4C4A-958B-0EA68496F9B8}.Release|Any CPU.Build.0 = Release|Any CPU
		{631FB593-EBE9-4C4A-958B-0EA68496F9B8}.Release|Mixed Platforms.ActiveCfg = Release|Any CPU
		{631FB593-EBE9-4C4A-958B-0EA68496F9B8}.Release|Mixed Platforms.Build.0 = Release|Any CPU
		{631FB593-EBE9-4C4A-958B-0EA68496F9B8}.Release|x86.ActiveCfg = Release|Any CPU
		{6AE264CE-310F-475C-BE7F-9D43E1CFA9F7}.Debug|Any CPU.ActiveCfg = Debug|Any CPU
		{6AE264CE-310F-475C-BE7F-9D43E1CFA9F7}.Debug|Any CPU.Build.0 = Debug|Any CPU
		{6AE264CE-310F-475C-BE7F-9D43E1CFA9F7}.Debug|Mixed Platforms.ActiveCfg = Debug|Any CPU
		{6AE264CE-310F-475C-BE7F-9D43E1CFA9F7}.Debug|Mixed Platforms.Build.0 = Debug|Any CPU
		{6AE264CE-310F-475C-BE7F-9D43E1CFA9F7}.Debug|x86.ActiveCfg = Debug|Any CPU
		{6AE264CE-310F-475C-BE7F-9D43E1CFA9F7}.Release|Any CPU.ActiveCfg = Release|Any CPU
		{6AE264CE-310F-475C-BE7F-9D43E1CFA9F7}.Release|Any CPU.Build.0 = Release|Any CPU
		{6AE264CE-310F-475C-BE7F-9D43E1CFA9F7}.Release|Mixed Platforms.ActiveCfg = Release|Any CPU
		{6AE264CE-310F-475C-BE7F-9D43E1CFA9F7}.Release|Mixed Platforms.Build.0 = Release|Any CPU
		{6AE264CE-310F-475C-BE7F-9D43E1CFA9F7}.Release|x86.ActiveCfg = Release|Any CPU
	EndGlobalSection
	GlobalSection(SolutionProperties) = preSolution
		HideSolutionNode = FALSE
	EndGlobalSection
EndGlobal
